# THIS IS AN AUTOGENERATED FILE. DO NOT EDIT THIS FILE DIRECTLY.
# yarn lockfile v1


lax.js@^2.0.3:
  version "2.0.3"
  resolved "https://registry.yarnpkg.com/lax.js/-/lax.js-2.0.3.tgz#74aed57a628db42fcfa91b7a746cec443a611a38"
  integrity sha512-q2q0jVRwruvFdQZeeE3OwIszRIkey6CItPmB+BcTUFPgHd2R8LI+bntAI7d2GJEjheu79mzQ++MROkODuZoXlA==
